
Microsoft Visual Studio Solution File, Format Version 12.00
# Visual Studio 15
VisualStudioVersion = 15.0.28307.489
MinimumVisualStudioVersion = 10.0.40219.1
Project("{FAE04EC0-301F-11D3-BF4B-00C04F79EFBC}") = "learning_project2", "learning_project2\learning_project2.csproj", "{A6856967-E446-4ACB-BEAC-1DF14B8E4748}"
EndProject
Global
	GlobalSection(SolutionConfigurationPlatforms) = preSolution
		Debug|Any CPU = Debug|Any CPU
		Release|Any CPU = Release|Any CPU
	EndGlobalSection
	GlobalSection(ProjectConfigurationPlatforms) = postSolution
		{A6856967-E446-4ACB-BEAC-1DF14B8E4748}.Debug|Any CPU.ActiveCfg = Debug|Any CPU
		{A6856967-E446-4ACB-BEAC-1DF14B8E4748}.Debug|Any CPU.Build.0 = Debug|Any CPU
		{A6856967-E446-4ACB-BEAC-1DF14B8E4748}.Release|Any CPU.ActiveCfg = Release|Any CPU
		{A6856967-E446-4ACB-BEAC-1DF14B8E4748}.Release|Any CPU.Build.0 = Release|Any CPU
	EndGlobalSection
	GlobalSection(SolutionProperties) = preSolution
		HideSolutionNode = FALSE
	EndGlobalSection
	GlobalSection(ExtensibilityGlobals) = postSolution
		SolutionGuid = {D6EF4A38-FAC0-4B7A-B62F-B01F31A10593}
	EndGlobalSection
EndGlobal
